
Microsoft Visual Studio Solution File, Format Version 12.00
# Visual Studio Version 17
VisualStudioVersion = 17.9.34616.47
MinimumVisualStudioVersion = 10.0.40219.1
Project("{FAE04EC0-301F-11D3-BF4B-00C04F79EFBC}") = "Creating Breakfast", "Creating Breakfast\Creating Breakfast.csproj", "{94A06041-9E6F-4A5F-BECD-7134E8D79390}"
EndProject
Global
	GlobalSection(SolutionConfigurationPlatforms) = preSolution
		Debug|Any CPU = Debug|Any CPU
		Release|Any CPU = Release|Any CPU
	EndGlobalSection
	GlobalSection(ProjectConfigurationPlatforms) = postSolution
		{94A06041-9E6F-4A5F-BECD-7134E8D79390}.Debug|Any CPU.ActiveCfg = Debug|Any CPU
		{94A06041-9E6F-4A5F-BECD-7134E8D79390}.Debug|Any CPU.Build.0 = Debug|Any CPU
		{94A06041-9E6F-4A5F-BECD-7134E8D79390}.Release|Any CPU.ActiveCfg = Release|Any CPU
		{94A06041-9E6F-4A5F-BECD-7134E8D79390}.Release|Any CPU.Build.0 = Release|Any CPU
	EndGlobalSection
	GlobalSection(SolutionProperties) = preSolution
		HideSolutionNode = FALSE
	EndGlobalSection
	GlobalSection(ExtensibilityGlobals) = postSolution
		SolutionGuid = {9F31296E-7DFE-4DFE-9D86-54A05FA521EB}
	EndGlobalSection
EndGlobal
